dependencies:
  fuzzy-search: 3.0.2
  prompts: 2.2.1
devDependencies:
  prettier: 1.18.2
lockfileVersion: 5.1
packages:
  /fuzzy-search/3.0.2:
    dev: false
    resolution:
      integrity: sha512-u3moKS69EAq12J+EPjAeF64u4gir6OzX/gDUNu4FXW2/5UfqqxvuYLWDEf7ehaz/TIMuYYh98HlJ2caUbpAiww==
  /kleur/3.0.3:
    dev: false
    engines:
      node: '>=6'
    resolution:
      integrity: sha512-eTIzlVOSUR+JxdDFepEYcBMtZ9Qqdef+rnzWdRZuMbOywu5tO2w2N7rqjoANZ5k9vywhL6Br1VRjUIgTQx4E8w==
  /prettier/1.18.2:
    dev: true
    engines:
      node: '>=4'
    hasBin: true
    resolution:
      integrity: sha512-OeHeMc0JhFE9idD4ZdtNibzY0+TPHSpSSb9h8FqtP+YnoZZ1sl8Vc9b1sasjfymH3SonAF4QcA2+mzHPhMvIiw==
  /prompts/2.2.1:
    dependencies:
      kleur: 3.0.3
      sisteransi: 1.0.3
    dev: false
    engines:
      node: '>= 6'
    resolution:
      integrity: sha512-VObPvJiWPhpZI6C5m60XOzTfnYg/xc/an+r9VYymj9WJW3B/DIH+REzjpAACPf8brwPeP+7vz3bIim3S+AaMjw==
  /sisteransi/1.0.3:
    dev: false
    resolution:
      integrity: sha512-SbEG75TzH8G7eVXFSN5f9EExILKfly7SUvVY5DhhYLvfhKqhDFY0OzevWa/zwak0RLRfWS5AvfMWpd9gJvr5Yg==
specifiers:
  fuzzy-search: ^3.0.1
  prettier: ^1.18.2
  prompts: ^2.2.1
